
Microsoft Visual Studio Solution File, Format Version 12.00
Project("{FAE04EC0-301F-11D3-BF4B-00C04F79EFBC}") = "Progszigorlat", "Progszigorlat\Progszigorlat.csproj", "{1FE340DA-32A1-4311-A653-C2B93C127F81}"
EndProject
Global
	GlobalSection(SolutionConfigurationPlatforms) = preSolution
		Debug|Any CPU = Debug|Any CPU
		Release|Any CPU = Release|Any CPU
	EndGlobalSection
	GlobalSection(ProjectConfigurationPlatforms) = postSolution
		{1FE340DA-32A1-4311-A653-C2B93C127F81}.Debug|Any CPU.ActiveCfg = Debug|Any CPU
		{1FE340DA-32A1-4311-A653-C2B93C127F81}.Debug|Any CPU.Build.0 = Debug|Any CPU
		{1FE340DA-32A1-4311-A653-C2B93C127F81}.Release|Any CPU.ActiveCfg = Release|Any CPU
		{1FE340DA-32A1-4311-A653-C2B93C127F81}.Release|Any CPU.Build.0 = Release|Any CPU
	EndGlobalSection
EndGlobal
